
Microsoft Visual Studio Solution File, Format Version 12.00
Project("{FAE04EC0-301F-11D3-BF4B-00C04F79EFBC}") = "FunctionalStateMachine.Core", "FunctionalStateMachine.Core\FunctionalStateMachine.Core.csproj", "{8A1720A4-9E63-4DEF-93CE-9522C54DB3E2}"
EndProject
Project("{FAE04EC0-301F-11D3-BF4B-00C04F79EFBC}") = "FunctionalStateMachine.Core.Tests", "FunctionalStateMachine.Core.Tests\FunctionalStateMachine.Core.Tests.csproj", "{4D89E683-D2D1-41DF-90A2-32A861C973E4}"
EndProject
Project("{FAE04EC0-301F-11D3-BF4B-00C04F79EFBC}") = "FunctionalStateMachine.Samples", "FunctionalStateMachine.Samples\FunctionalStateMachine.Samples.csproj", "{E7D8C5B2-1B74-4F9E-8B1F-9B5E8B0A6E3C}"
EndProject
Project("{FAE04EC0-301F-11D3-BF4B-00C04F79EFBC}") = "FunctionalStateMachine.Diagrams", "FunctionalStateMachine.Diagrams\FunctionalStateMachine.Diagrams.csproj", "{7F846C55-DF94-48C6-A004-6899B617F52A}"
EndProject
Project("{FAE04EC0-301F-11D3-BF4B-00C04F79EFBC}") = "FunctionalStateMachine.Diagrams.Tests", "FunctionalStateMachine.Diagrams.Tests\FunctionalStateMachine.Diagrams.Tests.csproj", "{52EAB860-FE25-49F9-ACDE-9C4EA7FA33DD}"
EndProject
Project("{2150E333-8FDC-42A3-9474-1A3956D46DE8}") = "_", "_", "{919D74CB-8078-40B7-9A48-5F26CDDD678C}"
	ProjectSection(SolutionItems) = preProject
		README.md = README.md
		CHANGELOG.md = CHANGELOG.md
		docs\command-runners.md = docs\command-runners.md
		docs\commands-vs-effects.md = docs\commands-vs-effects.md
		docs\diagrams.md = docs\diagrams.md
		docs\entry-exit.md = docs\entry-exit.md
		docs\execute-steps.md = docs\execute-steps.md
		docs\fluent-configuration.md = docs\fluent-configuration.md
		docs\guards.md = docs\guards.md
		docs\hierarchical-states.md = docs\hierarchical-states.md
		docs\ignore-unhandled.md = docs\ignore-unhandled.md
		docs\index.md = docs\index.md
		docs\internal-transitions.md = docs\internal-transitions.md
		docs\no-data.md = docs\no-data.md
		docs\state-data.md = docs\state-data.md
		docs\packages.md = docs\packages.md
		docs\conditional-steps.md = docs\conditional-steps.md
		docs\immediate-transitions.md = docs\immediate-transitions.md
		docs\static-analysis.md = docs\static-analysis.md
	EndProjectSection
EndProject
Project("{FAE04EC0-301F-11D3-BF4B-00C04F79EFBC}") = "FunctionalStateMachine.CommandRunner", "FunctionalStateMachine.CommandRunner\FunctionalStateMachine.CommandRunner.csproj", "{A0A6A44F-CD8C-49F6-B659-5BA7B77A2BB4}"
EndProject
Project("{FAE04EC0-301F-11D3-BF4B-00C04F79EFBC}") = "FunctionalStateMachine.CommandRunnerTests", "FunctionalStateMachine.CommandRunnerTests\FunctionalStateMachine.CommandRunnerTests.csproj", "{478ACBBD-6F90-4518-9062-9BFBD2AB9A97}"
EndProject
Project("{FAE04EC0-301F-11D3-BF4B-00C04F79EFBC}") = "FunctionalStateMachine.CommandRunner.Generator", "FunctionalStateMachine.CommandRunner.Generator\FunctionalStateMachine.CommandRunner.Generator.csproj", "{F2EB10B5-AD83-47A7-BFA3-3A552B06AC76}"
EndProject
Project("{FAE04EC0-301F-11D3-BF4B-00C04F79EFBC}") = "VendingMachineSampleApp", "VendingMachineSampleApp\VendingMachineSampleApp.csproj", "{E6646DD6-3BA5-4A57-B644-59D670F81002}"
EndProject
Project("{FAE04EC0-301F-11D3-BF4B-00C04F79EFBC}") = "VendingMachineSampleApp.Tests", "VendingMachineSampleApp.Tests\VendingMachineSampleApp.Tests.csproj", "{62D20B6C-490F-4616-A311-18D52A4E8F8C}"
EndProject
Project("{FAE04EC0-301F-11D3-BF4B-00C04F79EFBC}") = "StockPurchaserSampleApp", "StockPurchaserSampleApp\StockPurchaserSampleApp.csproj", "{B0E56FA5-6B54-4B0D-9B2B-CB0C7C17B9AB}"
EndProject
Project("{FAE04EC0-301F-11D3-BF4B-00C04F79EFBC}") = "StockPurchaserSampleApp.Tests", "StockPurchaserSampleApp.Tests\StockPurchaserSampleApp.Tests.csproj", "{A01993F9-4A08-4E9C-88B6-1E12A8700F7A}"
EndProject
Project("{2150E333-8FDC-42A3-9474-1A3956D46DE8}") = "State Machine", "State Machine", "{5D56FBA8-097F-4A7D-8BD0-CB1FAE1CCA2F}"
EndProject
Project("{2150E333-8FDC-42A3-9474-1A3956D46DE8}") = "Command Runner", "Command Runner", "{07AC4DA6-6294-4B3A-BB31-DB411A88D6FB}"
EndProject
Project("{2150E333-8FDC-42A3-9474-1A3956D46DE8}") = "Diagrams", "Diagrams", "{27E5EC55-6600-4554-9E32-867F6FE79125}"
EndProject
Project("{2150E333-8FDC-42A3-9474-1A3956D46DE8}") = "Samples", "Samples", "{A96AD5CA-C4AA-45C6-A86D-69F8ED944894}"
EndProject
Project("{2150E333-8FDC-42A3-9474-1A3956D46DE8}") = "Vending Machine", "Vending Machine", "{D1FA70BE-F53F-492A-83E3-A1D34267795E}"
EndProject
Project("{2150E333-8FDC-42A3-9474-1A3956D46DE8}") = "Stock Purchaser", "Stock Purchaser", "{E5866FE3-15DF-4362-95A6-C6F651434249}"
EndProject
Global
	GlobalSection(SolutionConfigurationPlatforms) = preSolution
		Debug|Any CPU = Debug|Any CPU
		Release|Any CPU = Release|Any CPU
	EndGlobalSection
	GlobalSection(ProjectConfigurationPlatforms) = postSolution
		{8A1720A4-9E63-4DEF-93CE-9522C54DB3E2}.Debug|Any CPU.ActiveCfg = Debug|Any CPU
		{8A1720A4-9E63-4DEF-93CE-9522C54DB3E2}.Debug|Any CPU.Build.0 = Debug|Any CPU
		{8A1720A4-9E63-4DEF-93CE-9522C54DB3E2}.Release|Any CPU.ActiveCfg = Release|Any CPU
		{8A1720A4-9E63-4DEF-93CE-9522C54DB3E2}.Release|Any CPU.Build.0 = Release|Any CPU
		{4D89E683-D2D1-41DF-90A2-32A861C973E4}.Debug|Any CPU.ActiveCfg = Debug|Any CPU
		{4D89E683-D2D1-41DF-90A2-32A861C973E4}.Debug|Any CPU.Build.0 = Debug|Any CPU
		{4D89E683-D2D1-41DF-90A2-32A861C973E4}.Release|Any CPU.ActiveCfg = Release|Any CPU
		{4D89E683-D2D1-41DF-90A2-32A861C973E4}.Release|Any CPU.Build.0 = Release|Any CPU
		{E7D8C5B2-1B74-4F9E-8B1F-9B5E8B0A6E3C}.Debug|Any CPU.ActiveCfg = Debug|Any CPU
		{E7D8C5B2-1B74-4F9E-8B1F-9B5E8B0A6E3C}.Debug|Any CPU.Build.0 = Debug|Any CPU
		{E7D8C5B2-1B74-4F9E-8B1F-9B5E8B0A6E3C}.Release|Any CPU.ActiveCfg = Release|Any CPU
		{E7D8C5B2-1B74-4F9E-8B1F-9B5E8B0A6E3C}.Release|Any CPU.Build.0 = Release|Any CPU
		{7F846C55-DF94-48C6-A004-6899B617F52A}.Debug|Any CPU.ActiveCfg = Debug|Any CPU
		{7F846C55-DF94-48C6-A004-6899B617F52A}.Debug|Any CPU.Build.0 = Debug|Any CPU
		{7F846C55-DF94-48C6-A004-6899B617F52A}.Release|Any CPU.ActiveCfg = Release|Any CPU
		{7F846C55-DF94-48C6-A004-6899B617F52A}.Release|Any CPU.Build.0 = Release|Any CPU
		{52EAB860-FE25-49F9-ACDE-9C4EA7FA33DD}.Debug|Any CPU.ActiveCfg = Debug|Any CPU
		{52EAB860-FE25-49F9-ACDE-9C4EA7FA33DD}.Debug|Any CPU.Build.0 = Debug|Any CPU
		{52EAB860-FE25-49F9-ACDE-9C4EA7FA33DD}.Release|Any CPU.ActiveCfg = Release|Any CPU
		{52EAB860-FE25-49F9-ACDE-9C4EA7FA33DD}.Release|Any CPU.Build.0 = Release|Any CPU
		{A0A6A44F-CD8C-49F6-B659-5BA7B77A2BB4}.Debug|Any CPU.ActiveCfg = Debug|Any CPU
		{A0A6A44F-CD8C-49F6-B659-5BA7B77A2BB4}.Debug|Any CPU.Build.0 = Debug|Any CPU
		{A0A6A44F-CD8C-49F6-B659-5BA7B77A2BB4}.Release|Any CPU.ActiveCfg = Release|Any CPU
		{A0A6A44F-CD8C-49F6-B659-5BA7B77A2BB4}.Release|Any CPU.Build.0 = Release|Any CPU
		{478ACBBD-6F90-4518-9062-9BFBD2AB9A97}.Debug|Any CPU.ActiveCfg = Debug|Any CPU
		{478ACBBD-6F90-4518-9062-9BFBD2AB9A97}.Debug|Any CPU.Build.0 = Debug|Any CPU
		{478ACBBD-6F90-4518-9062-9BFBD2AB9A97}.Release|Any CPU.ActiveCfg = Release|Any CPU
		{478ACBBD-6F90-4518-9062-9BFBD2AB9A97}.Release|Any CPU.Build.0 = Release|Any CPU
		{F2EB10B5-AD83-47A7-BFA3-3A552B06AC76}.Debug|Any CPU.ActiveCfg = Debug|Any CPU
		{F2EB10B5-AD83-47A7-BFA3-3A552B06AC76}.Debug|Any CPU.Build.0 = Debug|Any CPU
		{F2EB10B5-AD83-47A7-BFA3-3A552B06AC76}.Release|Any CPU.ActiveCfg = Release|Any CPU
		{F2EB10B5-AD83-47A7-BFA3-3A552B06AC76}.Release|Any CPU.Build.0 = Release|Any CPU
		{E6646DD6-3BA5-4A57-B644-59D670F81002}.Debug|Any CPU.ActiveCfg = Debug|Any CPU
		{E6646DD6-3BA5-4A57-B644-59D670F81002}.Debug|Any CPU.Build.0 = Debug|Any CPU
		{E6646DD6-3BA5-4A57-B644-59D670F81002}.Release|Any CPU.ActiveCfg = Release|Any CPU
		{E6646DD6-3BA5-4A57-B644-59D670F81002}.Release|Any CPU.Build.0 = Release|Any CPU
		{62D20B6C-490F-4616-A311-18D52A4E8F8C}.Debug|Any CPU.ActiveCfg = Debug|Any CPU
		{62D20B6C-490F-4616-A311-18D52A4E8F8C}.Debug|Any CPU.Build.0 = Debug|Any CPU
		{62D20B6C-490F-4616-A311-18D52A4E8F8C}.Release|Any CPU.ActiveCfg = Release|Any CPU
		{62D20B6C-490F-4616-A311-18D52A4E8F8C}.Release|Any CPU.Build.0 = Release|Any CPU
		{B0E56FA5-6B54-4B0D-9B2B-CB0C7C17B9AB}.Debug|Any CPU.ActiveCfg = Debug|Any CPU
		{B0E56FA5-6B54-4B0D-9B2B-CB0C7C17B9AB}.Debug|Any CPU.Build.0 = Debug|Any CPU
		{B0E56FA5-6B54-4B0D-9B2B-CB0C7C17B9AB}.Release|Any CPU.ActiveCfg = Release|Any CPU
		{B0E56FA5-6B54-4B0D-9B2B-CB0C7C17B9AB}.Release|Any CPU.Build.0 = Release|Any CPU
		{A01993F9-4A08-4E9C-88B6-1E12A8700F7A}.Debug|Any CPU.ActiveCfg = Debug|Any CPU
		{A01993F9-4A08-4E9C-88B6-1E12A8700F7A}.Debug|Any CPU.Build.0 = Debug|Any CPU
		{A01993F9-4A08-4E9C-88B6-1E12A8700F7A}.Release|Any CPU.ActiveCfg = Release|Any CPU
		{A01993F9-4A08-4E9C-88B6-1E12A8700F7A}.Release|Any CPU.Build.0 = Release|Any CPU
	EndGlobalSection
	GlobalSection(NestedProjects) = preSolution
		{A0A6A44F-CD8C-49F6-B659-5BA7B77A2BB4} = {07AC4DA6-6294-4B3A-BB31-DB411A88D6FB}
		{F2EB10B5-AD83-47A7-BFA3-3A552B06AC76} = {07AC4DA6-6294-4B3A-BB31-DB411A88D6FB}
		{478ACBBD-6F90-4518-9062-9BFBD2AB9A97} = {07AC4DA6-6294-4B3A-BB31-DB411A88D6FB}
		{8A1720A4-9E63-4DEF-93CE-9522C54DB3E2} = {5D56FBA8-097F-4A7D-8BD0-CB1FAE1CCA2F}
		{4D89E683-D2D1-41DF-90A2-32A861C973E4} = {5D56FBA8-097F-4A7D-8BD0-CB1FAE1CCA2F}
		{7F846C55-DF94-48C6-A004-6899B617F52A} = {27E5EC55-6600-4554-9E32-867F6FE79125}
		{52EAB860-FE25-49F9-ACDE-9C4EA7FA33DD} = {27E5EC55-6600-4554-9E32-867F6FE79125}
		{D1FA70BE-F53F-492A-83E3-A1D34267795E} = {A96AD5CA-C4AA-45C6-A86D-69F8ED944894}
		{E5866FE3-15DF-4362-95A6-C6F651434249} = {A96AD5CA-C4AA-45C6-A86D-69F8ED944894}
		{A01993F9-4A08-4E9C-88B6-1E12A8700F7A} = {E5866FE3-15DF-4362-95A6-C6F651434249}
		{B0E56FA5-6B54-4B0D-9B2B-CB0C7C17B9AB} = {E5866FE3-15DF-4362-95A6-C6F651434249}
		{E6646DD6-3BA5-4A57-B644-59D670F81002} = {D1FA70BE-F53F-492A-83E3-A1D34267795E}
		{62D20B6C-490F-4616-A311-18D52A4E8F8C} = {D1FA70BE-F53F-492A-83E3-A1D34267795E}
		{E7D8C5B2-1B74-4F9E-8B1F-9B5E8B0A6E3C} = {A96AD5CA-C4AA-45C6-A86D-69F8ED944894}
	EndGlobalSection
EndGlobal
